PODS:
  - AppAuth (0.91.0)
  - OktaAuth (0.3.0):
    - AppAuth (~> 0.91.0)

DEPENDENCIES:
  - OktaAuth
  - OktaAuth (= 0.3.0)

SPEC REPOS:
  https://github.com/cocoapods/specs.git:
    - AppAuth
    - OktaAuth

SPEC CHECKSUMS:
  AppAuth: 3e0dc9c00ef333dc62064e4830aa89b597ae8d2f
  OktaAuth: 95067065bc8827b7f4821a77cd15062c438fb95b

PODFILE CHECKSUM: b804dbc4940605f04cc8c814150975dcfe08577d

COCOAPODS: 1.7.2
